<?xml version="1.0" encoding="utf-8"?>
<Project ToolsVersion="4.0" xmlns="http://schemas.microsoft.com/developer/msbuild/2003">
  <ItemGroup>
    <Filter Include="源文件">
      <UniqueIdentifier>{4FC737F1-C7A5-4376-A066-2A32D752A2FF}</UniqueIdentifier>
      <Extensions>cpp;c;cc;cxx;def;odl;idl;hpj;bat;asm;asmx</Extensions>
    </Filter>
    <Filter Include="头文件">
      <UniqueIdentifier>{93995380-89BD-4b04-88EB-625FBE52EBFB}</UniqueIdentifier>
      <Extensions>h;hh;hpp;hxx;hm;inl;inc;ipp;xsd</Extensions>
    </Filter>
    <Filter Include="资源文件">
      <UniqueIdentifier>{67DA6AB6-F800-4c08-8B7A-83BB121AAD01}</UniqueIdentifier>
      <Extensions>rc;ico;cur;bmp;dlg;rc2;rct;bin;rgs;gif;jpg;jpeg;jpe;resx;tiff;tif;png;wav;mfcribbon-ms</Extensions>
    </Filter>
  </ItemGroup>
  <ItemGroup>
    <ClCompile Include="main.cpp">
      <Filter>源文件</Filter>
    </ClCompile>
    <ClCompile Include="FaceRecogniton.cpp">
      <Filter>源文件</Filter>
    </ClCompile>
    <ClCompile Include="ImgPretreat.cpp">
      <Filter>源文件</Filter>
    </ClCompile>
    <ClCompile Include="GetArmPosition.cpp">
      <Filter>源文件</Filter>
    </ClCompile>
    <ClCompile Include="DrawHand.cpp">
      <Filter>源文件</Filter>
    </ClCompile>
    <ClCompile Include="TimeMaker.cpp">
      <Filter>源文件</Filter>
    </ClCompile>
    <ClCompile Include="Myo.cpp">
      <Filter>源文件</Filter>
    </ClCompile>
    <ClCompile Include="Zhang.cpp">
      <Filter>源文件</Filter>
    </ClCompile>
    <ClCompile Include="SVM_train.cpp">
      <Filter>源文件</Filter>
    </ClCompile>
  </ItemGroup>
  <ItemGroup>
    <ClInclude Include="FaceRecogniton.h">
      <Filter>头文件</Filter>
    </ClInclude>
    <ClInclude Include="Common.h">
      <Filter>头文件</Filter>
    </ClInclude>
    <ClInclude Include="ImgPretreat.h">
      <Filter>头文件</Filter>
    </ClInclude>
    <ClInclude Include="GetArmPosition.h">
      <Filter>头文件</Filter>
    </ClInclude>
    <ClInclude Include="DrawHand.h">
      <Filter>头文件</Filter>
    </ClInclude>
    <ClInclude Include="TimeMaker.h">
      <Filter>头文件</Filter>
    </ClInclude>
    <ClInclude Include="Myo.h">
      <Filter>头文件</Filter>
    </ClInclude>
    <ClInclude Include="Zhang.h">
      <Filter>头文件</Filter>
    </ClInclude>
    <ClInclude Include="SVM_train.h">
      <Filter>头文件</Filter>
    </ClInclude>
  </ItemGroup>
</Project>